// !$*UTF8*$!
{
	archiveVersion = 1;
	classes = {
	};
	objectVersion = 46;
	objects = {

/* Begin PBXBuildFile section */
		9C6EE67E1CC24E9600B76F5C /* VoipServicePjsip.swift in Sources */ = {isa = PBXBuildFile; fileRef = 9C6EE67D1CC24E9600B76F5C /* VoipServicePjsip.swift */; };
		9C6EE6801CC2585600B76F5C /* VoipServiceError.swift in Sources */ = {isa = PBXBuildFile; fileRef = 9C6EE67F1CC2585600B76F5C /* VoipServiceError.swift */; };
		9C7D81781CC0D50100551E73 /* ApplicationServices.swift in Sources */ = {isa = PBXBuildFile; fileRef = 9C7D81771CC0D50100551E73 /* ApplicationServices.swift */; };
		9C8ED2481CC2D18600C5C687 /* Localizable.strings in Resources */ = {isa = PBXBuildFile; fileRef = 9C8ED24A1CC2D18600C5C687 /* Localizable.strings */; };
		9C8FB2331CA9552800A08280 /* AppDelegate.swift in Sources */ = {isa = PBXBuildFile; fileRef = 9C8FB2321CA9552800A08280 /* AppDelegate.swift */; };
		9C8FB2351CA9552800A08280 /* ViewController.swift in Sources */ = {isa = PBXBuildFile; fileRef = 9C8FB2341CA9552800A08280 /* ViewController.swift */; };
		9C8FB2381CA9552800A08280 /* Main.storyboard in Resources */ = {isa = PBXBuildFile; fileRef = 9C8FB2361CA9552800A08280 /* Main.storyboard */; };
		9C8FB23A1CA9552800A08280 /* Assets.xcassets in Resources */ = {isa = PBXBuildFile; fileRef = 9C8FB2391CA9552800A08280 /* Assets.xcassets */; };
		9C8FB23D1CA9552800A08280 /* LaunchScreen.storyboard in Resources */ = {isa = PBXBuildFile; fileRef = 9C8FB23B1CA9552800A08280 /* LaunchScreen.storyboard */; };
		9C8FB2451CA9754B00A08280 /* RadialGradientLayer.swift in Sources */ = {isa = PBXBuildFile; fileRef = 9C8FB2441CA9754B00A08280 /* RadialGradientLayer.swift */; };
		9C9A7BA41CB5A6C500E79685 /* NetworkUtils.swift in Sources */ = {isa = PBXBuildFile; fileRef = 9C9A7BA31CB5A6C500E79685 /* NetworkUtils.swift */; };
		9CE8FAF11CB8EAE200E56457 /* VoipService.swift in Sources */ = {isa = PBXBuildFile; fileRef = 9CE8FAF01CB8EAE200E56457 /* VoipService.swift */; };
		9CF3D0581CB1307600ACBF47 /* VoipConnectionState.swift in Sources */ = {isa = PBXBuildFile; fileRef = 9CF3D0571CB1307600ACBF47 /* VoipConnectionState.swift */; };
		9CF3D05A1CB1582D00ACBF47 /* VolumeControl.swift in Sources */ = {isa = PBXBuildFile; fileRef = 9CF3D0591CB1582D00ACBF47 /* VolumeControl.swift */; };
		FCDE0913CC47BE94680F3AF9 /* Pods_touroxair.framework in Frameworks */ = {isa = PBXBuildFile; fileRef = 92F6A7A2A01CFBF21D175936 /* Pods_touroxair.framework */; };
/* End PBXBuildFile section */

/* Begin PBXFileReference section */
		577665B5EAB53C23F4852330 /* Pods-touroxair.release.xcconfig */ = {isa = PBXFileReference; includeInIndex = 1; lastKnownFileType = text.xcconfig; name = "Pods-touroxair.release.xcconfig"; path = "Pods/Target Support Files/Pods-touroxair/Pods-touroxair.release.xcconfig"; sourceTree = "<group>"; };
		92F6A7A2A01CFBF21D175936 /* Pods_touroxair.framework */ = {isa = PBXFileReference; explicitFileType = wrapper.framework; includeInIndex = 0; path = Pods_touroxair.framework; sourceTree = BUILT_PRODUCTS_DIR; };
		9C36CCD71CC2D7A00029F7D2 /* fr */ = {isa = PBXFileReference; lastKnownFileType = text.plist.strings; name = fr; path = fr.lproj/Main.strings; sourceTree = "<group>"; };
		9C36CCD81CC2DBA00029F7D2 /* Base */ = {isa = PBXFileReference; lastKnownFileType = text.plist.strings; name = Base; path = Base.lproj/Localizable.strings; sourceTree = "<group>"; };
		9C449E551CC2DCCC00B0FFE1 /* zh-Hans */ = {isa = PBXFileReference; lastKnownFileType = text.plist.strings; name = "zh-Hans"; path = "zh-Hans.lproj/Main.strings"; sourceTree = "<group>"; };
		9C449E561CC2DCCC00B0FFE1 /* zh-Hans */ = {isa = PBXFileReference; lastKnownFileType = text.plist.strings; name = "zh-Hans"; path = "zh-Hans.lproj/LaunchScreen.strings"; sourceTree = "<group>"; };
		9C449E571CC2DCCC00B0FFE1 /* zh-Hans */ = {isa = PBXFileReference; lastKnownFileType = text.plist.strings; name = "zh-Hans"; path = "zh-Hans.lproj/Localizable.strings"; sourceTree = "<group>"; };
		9C54375A1CC2DF3A003841B2 /* bg */ = {isa = PBXFileReference; lastKnownFileType = text.plist.strings; name = bg; path = bg.lproj/Main.strings; sourceTree = "<group>"; };
		9C54375B1CC2DF3A003841B2 /* bg */ = {isa = PBXFileReference; lastKnownFileType = text.plist.strings; name = bg; path = bg.lproj/LaunchScreen.strings; sourceTree = "<group>"; };
		9C54375C1CC2DF3A003841B2 /* bg */ = {isa = PBXFileReference; lastKnownFileType = text.plist.strings; name = bg; path = bg.lproj/Localizable.strings; sourceTree = "<group>"; };
		9C6EE67D1CC24E9600B76F5C /* VoipServicePjsip.swift */ = {isa = PBXFileReference; fileEncoding = 4; lastKnownFileType = sourcecode.swift; path = VoipServicePjsip.swift; sourceTree = "<group>"; };
		9C6EE67F1CC2585600B76F5C /* VoipServiceError.swift */ = {isa = PBXFileReference; fileEncoding = 4; lastKnownFileType = sourcecode.swift; path = VoipServiceError.swift; sourceTree = "<group>"; };
		9C7D81771CC0D50100551E73 /* ApplicationServices.swift */ = {isa = PBXFileReference; fileEncoding = 4; lastKnownFileType = sourcecode.swift; path = ApplicationServices.swift; sourceTree = "<group>"; };
		9C8C73911CAB198900AAF540 /* touroxair-Bridging-Header.h */ = {isa = PBXFileReference; fileEncoding = 4; lastKnownFileType = sourcecode.c.h; path = "touroxair-Bridging-Header.h"; sourceTree = "<group>"; };
		9C8ED2451CC2D03600C5C687 /* fr */ = {isa = PBXFileReference; lastKnownFileType = text.plist.strings; name = fr; path = fr.lproj/LaunchScreen.strings; sourceTree = "<group>"; };
		9C8ED24B1CC2D1CC00C5C687 /* fr */ = {isa = PBXFileReference; lastKnownFileType = text.plist.strings; name = fr; path = fr.lproj/Localizable.strings; sourceTree = "<group>"; };
		9C8FB22F1CA9552800A08280 /* touroxair.app */ = {isa = PBXFileReference; explicitFileType = wrapper.application; includeInIndex = 0; path = touroxair.app; sourceTree = BUILT_PRODUCTS_DIR; };
		9C8FB2321CA9552800A08280 /* AppDelegate.swift */ = {isa = PBXFileReference; lastKnownFileType = sourcecode.swift; path = AppDelegate.swift; sourceTree = "<group>"; };
		9C8FB2341CA9552800A08280 /* ViewController.swift */ = {isa = PBXFileReference; lastKnownFileType = sourcecode.swift; path = ViewController.swift; sourceTree = "<group>"; };
		9C8FB2371CA9552800A08280 /* Base */ = {isa = PBXFileReference; lastKnownFileType = file.storyboard; name = Base; path = Base.lproj/Main.storyboard; sourceTree = "<group>"; };
		9C8FB2391CA9552800A08280 /* Assets.xcassets */ = {isa = PBXFileReference; lastKnownFileType = folder.assetcatalog; path = Assets.xcassets; sourceTree = "<group>"; };
		9C8FB23C1CA9552800A08280 /* Base */ = {isa = PBXFileReference; lastKnownFileType = file.storyboard; name = Base; path = Base.lproj/LaunchScreen.storyboard; sourceTree = "<group>"; };
		9C8FB23E1CA9552800A08280 /* Info.plist */ = {isa = PBXFileReference; lastKnownFileType = text.plist.xml; path = Info.plist; sourceTree = "<group>"; };
		9C8FB2441CA9754B00A08280 /* RadialGradientLayer.swift */ = {isa = PBXFileReference; fileEncoding = 4; lastKnownFileType = sourcecode.swift; path = RadialGradientLayer.swift; sourceTree = "<group>"; };
		9C9A7BA31CB5A6C500E79685 /* NetworkUtils.swift */ = {isa = PBXFileReference; fileEncoding = 4; lastKnownFileType = sourcecode.swift; path = NetworkUtils.swift; sourceTree = "<group>"; };
		9CE8FAF01CB8EAE200E56457 /* VoipService.swift */ = {isa = PBXFileReference; fileEncoding = 4; lastKnownFileType = sourcecode.swift; path = VoipService.swift; sourceTree = "<group>"; };
		9CF3D0571CB1307600ACBF47 /* VoipConnectionState.swift */ = {isa = PBXFileReference; fileEncoding = 4; lastKnownFileType = sourcecode.swift; path = VoipConnectionState.swift; sourceTree = "<group>"; };
		9CF3D0591CB1582D00ACBF47 /* VolumeControl.swift */ = {isa = PBXFileReference; fileEncoding = 4; lastKnownFileType = sourcecode.swift; path = VolumeControl.swift; sourceTree = "<group>"; };
		EE7D394234D1FF041F1EDE3F /* Pods-touroxair.debug.xcconfig */ = {isa = PBXFileReference; includeInIndex = 1; lastKnownFileType = text.xcconfig; name = "Pods-touroxair.debug.xcconfig"; path = "Pods/Target Support Files/Pods-touroxair/Pods-touroxair.debug.xcconfig"; sourceTree = "<group>"; };
/* End PBXFileReference section */

/* Begin PBXFrameworksBuildPhase section */
		9C8FB22C1CA9552800A08280 /* Frameworks */ = {
			isa = PBXFrameworksBuildPhase;
			buildActionMask = 2147483647;
			files = (
				FCDE0913CC47BE94680F3AF9 /* Pods_touroxair.framework in Frameworks */,
			);
			runOnlyForDeploymentPostprocessing = 0;
		};
/* End PBXFrameworksBuildPhase section */

/* Begin PBXGroup section */
		6D11B3BAE396EC29F3043195 /* Pods */ = {
			isa = PBXGroup;
			children = (
				EE7D394234D1FF041F1EDE3F /* Pods-touroxair.debug.xcconfig */,
				577665B5EAB53C23F4852330 /* Pods-touroxair.release.xcconfig */,
			);
			name = Pods;
			sourceTree = "<group>";
		};
		74F7599E132C385F726885CD /* Frameworks */ = {
			isa = PBXGroup;
			children = (
				92F6A7A2A01CFBF21D175936 /* Pods_touroxair.framework */,
			);
			name = Frameworks;
			sourceTree = "<group>";
		};
		9C8FB2261CA9552800A08280 = {
			isa = PBXGroup;
			children = (
				9C8FB2311CA9552800A08280 /* touroxair */,
				9C8FB2301CA9552800A08280 /* Products */,
				6D11B3BAE396EC29F3043195 /* Pods */,
				74F7599E132C385F726885CD /* Frameworks */,
			);
			sourceTree = "<group>";
		};
		9C8FB2301CA9552800A08280 /* Products */ = {
			isa = PBXGroup;
			children = (
				9C8FB22F1CA9552800A08280 /* touroxair.app */,
			);
			name = Products;
			sourceTree = "<group>";
		};
		9C8FB2311CA9552800A08280 /* touroxair */ = {
			isa = PBXGroup;
			children = (
				9CE8FAEF1CB8EA5D00E56457 /* services */,
				9C9A7BA21CB5A6AC00E79685 /* utils */,
				9CF3D0561CB1304A00ACBF47 /* enums */,
				9C8FB2321CA9552800A08280 /* AppDelegate.swift */,
				9C8FB2341CA9552800A08280 /* ViewController.swift */,
				9C8FB2361CA9552800A08280 /* Main.storyboard */,
				9C8FB2391CA9552800A08280 /* Assets.xcassets */,
				9C8FB23B1CA9552800A08280 /* LaunchScreen.storyboard */,
				9C8FB23E1CA9552800A08280 /* Info.plist */,
				9C8FB2441CA9754B00A08280 /* RadialGradientLayer.swift */,
				9C8C73911CAB198900AAF540 /* touroxair-Bridging-Header.h */,
				9CF3D0591CB1582D00ACBF47 /* VolumeControl.swift */,
				9C8ED24A1CC2D18600C5C687 /* Localizable.strings */,
			);
			path = touroxair;
			sourceTree = "<group>";
		};
		9C9A7BA21CB5A6AC00E79685 /* utils */ = {
			isa = PBXGroup;
			children = (
				9C9A7BA31CB5A6C500E79685 /* NetworkUtils.swift */,
			);
			name = utils;
			sourceTree = "<group>";
		};
		9CE8FAEF1CB8EA5D00E56457 /* services */ = {
			isa = PBXGroup;
			children = (
				9CE8FAF41CB8ECD900E56457 /* impl */,
				9CE8FAF01CB8EAE200E56457 /* VoipService.swift */,
				9C7D81771CC0D50100551E73 /* ApplicationServices.swift */,
				9C6EE67F1CC2585600B76F5C /* VoipServiceError.swift */,
			);
			name = services;
			sourceTree = "<group>";
		};
		9CE8FAF41CB8ECD900E56457 /* impl */ = {
			isa = PBXGroup;
			children = (
				9C6EE67D1CC24E9600B76F5C /* VoipServicePjsip.swift */,
			);
			name = impl;
			sourceTree = "<group>";
		};
		9CF3D0561CB1304A00ACBF47 /* enums */ = {
			isa = PBXGroup;
			children = (
				9CF3D0571CB1307600ACBF47 /* VoipConnectionState.swift */,
			);
			name = enums;
			sourceTree = "<group>";
		};
/* End PBXGroup section */

/* Begin PBXNativeTarget section */
		9C8FB22E1CA9552800A08280 /* touroxair */ = {
			isa = PBXNativeTarget;
			buildConfigurationList = 9C8FB2411CA9552800A08280 /* Build configuration list for PBXNativeTarget "touroxair" */;
			buildPhases = (
				A6D518E452C1FC84EE016435 /* Check Pods Manifest.lock */,
				9C8FB22B1CA9552800A08280 /* Sources */,
				9C8FB22C1CA9552800A08280 /* Frameworks */,
				9C8FB22D1CA9552800A08280 /* Resources */,
				06934652FA232A08DCB9F940 /* Embed Pods Frameworks */,
				2E10352D19A9B963848F2CC8 /* Copy Pods Resources */,
			);
			buildRules = (
			);
			dependencies = (
			);
			name = touroxair;
			productName = touroxair;
			productReference = 9C8FB22F1CA9552800A08280 /* touroxair.app */;
			productType = "com.apple.product-type.application";
		};
/* End PBXNativeTarget section */

/* Begin PBXProject section */
		9C8FB2271CA9552800A08280 /* Project object */ = {
			isa = PBXProject;
			attributes = {
				LastSwiftUpdateCheck = 0730;
				LastUpgradeCheck = 0730;
				ORGANIZATIONNAME = "Marc Plouhinec";
				TargetAttributes = {
					9C8FB22E1CA9552800A08280 = {
						CreatedOnToolsVersion = 7.3;
						DevelopmentTeam = H4XMSZ64QD;
					};
				};
			};
			buildConfigurationList = 9C8FB22A1CA9552800A08280 /* Build configuration list for PBXProject "touroxair" */;
			compatibilityVersion = "Xcode 3.2";
			developmentRegion = English;
			hasScannedForEncodings = 0;
			knownRegions = (
				en,
				Base,
				fr,
				"zh-Hans",
				bg,
			);
			mainGroup = 9C8FB2261CA9552800A08280;
			productRefGroup = 9C8FB2301CA9552800A08280 /* Products */;
			projectDirPath = "";
			projectRoot = "";
			targets = (
				9C8FB22E1CA9552800A08280 /* touroxair */,
			);
		};
/* End PBXProject section */

/* Begin PBXResourcesBuildPhase section */
		9C8FB22D1CA9552800A08280 /* Resources */ = {
			isa = PBXResourcesBuildPhase;
			buildActionMask = 2147483647;
			files = (
				9C8FB23D1CA9552800A08280 /* LaunchScreen.storyboard in Resources */,
				9C8ED2481CC2D18600C5C687 /* Localizable.strings in Resources */,
				9C8FB23A1CA9552800A08280 /* Assets.xcassets in Resources */,
				9C8FB2381CA9552800A08280 /* Main.storyboard in Resources */,
			);
			runOnlyForDeploymentPostprocessing = 0;
		};
/* End PBXResourcesBuildPhase section */

/* Begin PBXShellScriptBuildPhase section */
		06934652FA232A08DCB9F940 /* Embed Pods Frameworks */ = {
			isa = PBXShellScriptBuildPhase;
			buildActionMask = 2147483647;
			files = (
			);
			inputPaths = (
			);
			name = "Embed Pods Frameworks";
			outputPaths = (
			);
			runOnlyForDeploymentPostprocessing = 0;
			shellPath = /bin/sh;
			shellScript = "\"${SRCROOT}/Pods/Target Support Files/Pods-touroxair/Pods-touroxair-frameworks.sh\"\n";
			showEnvVarsInLog = 0;
		};
		2E10352D19A9B963848F2CC8 /* Copy Pods Resources */ = {
			isa = PBXShellScriptBuildPhase;
			buildActionMask = 2147483647;
			files = (
			);
			inputPaths = (
			);
			name = "Copy Pods Resources";
			outputPaths = (
			);
			runOnlyForDeploymentPostprocessing = 0;
			shellPath = /bin/sh;
			shellScript = "\"${SRCROOT}/Pods/Target Support Files/Pods-touroxair/Pods-touroxair-resources.sh\"\n";
			showEnvVarsInLog = 0;
		};
		A6D518E452C1FC84EE016435 /* Check Pods Manifest.lock */ = {
			isa = PBXShellScriptBuildPhase;
			buildActionMask = 2147483647;
			files = (
			);
			inputPaths = (
			);
			name = "Check Pods Manifest.lock";
			outputPaths = (
			);
			runOnlyForDeploymentPostprocessing = 0;
			shellPath = /bin/sh;
			shellScript = "diff \"${PODS_ROOT}/../Podfile.lock\" \"${PODS_ROOT}/Manifest.lock\" > /dev/null\nif [[ $? != 0 ]] ; then\n    cat << EOM\nerror: The sandbox is not in sync with the Podfile.lock. Run 'pod install' or update your CocoaPods installation.\nEOM\n    exit 1\nfi\n";
			showEnvVarsInLog = 0;
		};
/* End PBXShellScriptBuildPhase section */

/* Begin PBXSourcesBuildPhase section */
		9C8FB22B1CA9552800A08280 /* Sources */ = {
			isa = PBXSourcesBuildPhase;
			buildActionMask = 2147483647;
			files = (
				9C7D81781CC0D50100551E73 /* ApplicationServices.swift in Sources */,
				9C8FB2351CA9552800A08280 /* ViewController.swift in Sources */,
				9C8FB2451CA9754B00A08280 /* RadialGradientLayer.swift in Sources */,
				9CE8FAF11CB8EAE200E56457 /* VoipService.swift in Sources */,
				9CF3D0581CB1307600ACBF47 /* VoipConnectionState.swift in Sources */,
				9C8FB2331CA9552800A08280 /* AppDelegate.swift in Sources */,
				9C9A7BA41CB5A6C500E79685 /* NetworkUtils.swift in Sources */,
				9CF3D05A1CB1582D00ACBF47 /* VolumeControl.swift in Sources */,
				9C6EE6801CC2585600B76F5C /* VoipServiceError.swift in Sources */,
				9C6EE67E1CC24E9600B76F5C /* VoipServicePjsip.swift in Sources */,
			);
			runOnlyForDeploymentPostprocessing = 0;
		};
/* End PBXSourcesBuildPhase section */

/* Begin PBXVariantGroup section */
		9C8ED24A1CC2D18600C5C687 /* Localizable.strings */ = {
			isa = PBXVariantGroup;
			children = (
				9C8ED24B1CC2D1CC00C5C687 /* fr */,
				9C36CCD81CC2DBA00029F7D2 /* Base */,
				9C449E571CC2DCCC00B0FFE1 /* zh-Hans */,
				9C54375C1CC2DF3A003841B2 /* bg */,
			);
			name = Localizable.strings;
			sourceTree = "<group>";
		};
		9C8FB2361CA9552800A08280 /* Main.storyboard */ = {
			isa = PBXVariantGroup;
			children = (
				9C8FB2371CA9552800A08280 /* Base */,
				9C36CCD71CC2D7A00029F7D2 /* fr */,
				9C449E551CC2DCCC00B0FFE1 /* zh-Hans */,
				9C54375A1CC2DF3A003841B2 /* bg */,
			);
			name = Main.storyboard;
			sourceTree = "<group>";
		};
		9C8FB23B1CA9552800A08280 /* LaunchScreen.storyboard */ = {
			isa = PBXVariantGroup;
			children = (
				9C8FB23C1CA9552800A08280 /* Base */,
				9C8ED2451CC2D03600C5C687 /* fr */,
				9C449E561CC2DCCC00B0FFE1 /* zh-Hans */,
				9C54375B1CC2DF3A003841B2 /* bg */,
			);
			name = LaunchScreen.storyboard;
			sourceTree = "<group>";
		};
/* End PBXVariantGroup section */

/* Begin XCBuildConfiguration section */
		9C8FB23F1CA9552800A08280 /* Debug */ = {
			isa = XCBuildConfiguration;
			buildSettings = {
				ALWAYS_SEARCH_USER_PATHS = NO;
				CLANG_ANALYZER_NONNULL = YES;
				CLANG_CXX_LANGUAGE_STANDARD = "gnu++0x";
				CLANG_CXX_LIBRARY = "libc++";
				CLANG_ENABLE_MODULES = YES;
				CLANG_ENABLE_OBJC_ARC = YES;
				CLANG_WARN_BOOL_CONVERSION = YES;
				CLANG_WARN_CONSTANT_CONVERSION = YES;
				CLANG_WARN_DIRECT_OBJC_ISA_USAGE = YES_ERROR;
				CLANG_WARN_EMPTY_BODY = YES;
				CLANG_WARN_ENUM_CONVERSION = YES;
				CLANG_WARN_INT_CONVERSION = YES;
				CLANG_WARN_OBJC_ROOT_CLASS = YES_ERROR;
				CLANG_WARN_UNREACHABLE_CODE = YES;
				CLANG_WARN__DUPLICATE_METHOD_MATCH = YES;
				"CODE_SIGN_IDENTITY[sdk=iphoneos*]" = "iPhone Developer";
				COPY_PHASE_STRIP = NO;
				DEBUG_INFORMATION_FORMAT = dwarf;
				ENABLE_STRICT_OBJC_MSGSEND = YES;
				ENABLE_TESTABILITY = YES;
				GCC_C_LANGUAGE_STANDARD = gnu99;
				GCC_DYNAMIC_NO_PIC = NO;
				GCC_NO_COMMON_BLOCKS = YES;
				GCC_OPTIMIZATION_LEVEL = 0;
				GCC_PREPROCESSOR_DEFINITIONS = (
					"DEBUG=1",
					"$(inherited)",
				);
				GCC_WARN_64_TO_32_BIT_CONVERSION = YES;
				GCC_WARN_ABOUT_RETURN_TYPE = YES_ERROR;
				GCC_WARN_UNDECLARED_SELECTOR = YES;
				GCC_WARN_UNINITIALIZED_AUTOS = YES_AGGRESSIVE;
				GCC_WARN_UNUSED_FUNCTION = YES;
				GCC_WARN_UNUSED_VARIABLE = YES;
				IPHONEOS_DEPLOYMENT_TARGET = 7.0;
				MTL_ENABLE_DEBUG_INFO = YES;
				ONLY_ACTIVE_ARCH = YES;
				SDKROOT = iphoneos;
				SWIFT_OPTIMIZATION_LEVEL = "-Onone";
				TARGETED_DEVICE_FAMILY = "1,2";
			};
			name = Debug;
		};
		9C8FB2401CA9552800A08280 /* Release */ = {
			isa = XCBuildConfiguration;
			buildSettings = {
				ALWAYS_SEARCH_USER_PATHS = NO;
				CLANG_ANALYZER_NONNULL = YES;
				CLANG_CXX_LANGUAGE_STANDARD = "gnu++0x";
				CLANG_CXX_LIBRARY = "libc++";
				CLANG_ENABLE_MODULES = YES;
				CLANG_ENABLE_OBJC_ARC = YES;
				CLANG_WARN_BOOL_CONVERSION = YES;
				CLANG_WARN_CONSTANT_CONVERSION = YES;
				CLANG_WARN_DIRECT_OBJC_ISA_USAGE = YES_ERROR;
				CLANG_WARN_EMPTY_BODY = YES;
				CLANG_WARN_ENUM_CONVERSION = YES;
				CLANG_WARN_INT_CONVERSION = YES;
				CLANG_WARN_OBJC_ROOT_CLASS = YES_ERROR;
				CLANG_WARN_UNREACHABLE_CODE = YES;
				CLANG_WARN__DUPLICATE_METHOD_MATCH = YES;
				"CODE_SIGN_IDENTITY[sdk=iphoneos*]" = "iPhone Developer";
				COPY_PHASE_STRIP = NO;
				DEBUG_INFORMATION_FORMAT = "dwarf-with-dsym";
				ENABLE_NS_ASSERTIONS = NO;
				ENABLE_STRICT_OBJC_MSGSEND = YES;
				GCC_C_LANGUAGE_STANDARD = gnu99;
				GCC_NO_COMMON_BLOCKS = YES;
				GCC_WARN_64_TO_32_BIT_CONVERSION = YES;
				GCC_WARN_ABOUT_RETURN_TYPE = YES_ERROR;
				GCC_WARN_UNDECLARED_SELECTOR = YES;
				GCC_WARN_UNINITIALIZED_AUTOS = YES_AGGRESSIVE;
				GCC_WARN_UNUSED_FUNCTION = YES;
				GCC_WARN_UNUSED_VARIABLE = YES;
				IPHONEOS_DEPLOYMENT_TARGET = 7.0;
				MTL_ENABLE_DEBUG_INFO = NO;
				SDKROOT = iphoneos;
				TARGETED_DEVICE_FAMILY = "1,2";
				VALIDATE_PRODUCT = YES;
			};
			name = Release;
		};
		9C8FB2421CA9552800A08280 /* Debug */ = {
			isa = XCBuildConfiguration;
			baseConfigurationReference = EE7D394234D1FF041F1EDE3F /* Pods-touroxair.debug.xcconfig */;
			buildSettings = {
				ASSETCATALOG_COMPILER_APPICON_NAME = AppIcon;
				ASSETCATALOG_COMPILER_LAUNCHIMAGE_NAME = LaunchImage;
				CODE_SIGN_IDENTITY = "iPhone Developer";
				DEBUG_INFORMATION_FORMAT = "dwarf-with-dsym";
				ENABLE_BITCODE = NO;
				INFOPLIST_FILE = touroxair/Info.plist;
				IPHONEOS_DEPLOYMENT_TARGET = 7.0;
				LD_RUNPATH_SEARCH_PATHS = "$(inherited) @executable_path/Frameworks";
				ONLY_ACTIVE_ARCH = YES;
				PRODUCT_BUNDLE_IDENTIFIER = io.tourox.air.touroxair;
				PRODUCT_NAME = "$(TARGET_NAME)";
				SWIFT_OBJC_BRIDGING_HEADER = "touroxair/touroxair-Bridging-Header.h";
				VALID_ARCHS = "armv7 armv7s arm64";
			};
			name = Debug;
		};
		9C8FB2431CA9552800A08280 /* Release */ = {
			isa = XCBuildConfiguration;
			baseConfigurationReference = 577665B5EAB53C23F4852330 /* Pods-touroxair.release.xcconfig */;
			buildSettings = {
				ASSETCATALOG_COMPILER_APPICON_NAME = AppIcon;
				ASSETCATALOG_COMPILER_LAUNCHIMAGE_NAME = LaunchImage;
				CODE_SIGN_IDENTITY = "iPhone Developer";
				DEBUG_INFORMATION_FORMAT = "dwarf-with-dsym";
				ENABLE_BITCODE = NO;
				INFOPLIST_FILE = touroxair/Info.plist;
				IPHONEOS_DEPLOYMENT_TARGET = 7.0;
				LD_RUNPATH_SEARCH_PATHS = "$(inherited) @executable_path/Frameworks";
				PRODUCT_BUNDLE_IDENTIFIER = io.tourox.air.touroxair;
				PRODUCT_NAME = "$(TARGET_NAME)";
				SWIFT_OBJC_BRIDGING_HEADER = "touroxair/touroxair-Bridging-Header.h";
				VALID_ARCHS = "armv7 armv7s arm64";
			};
			name = Release;
		};
/* End XCBuildConfiguration section */

/* Begin XCConfigurationList section */
		9C8FB22A1CA9552800A08280 /* Build configuration list for PBXProject "touroxair" */ = {
			isa = XCConfigurationList;
			buildConfigurations = (
				9C8FB23F1CA9552800A08280 /* Debug */,
				9C8FB2401CA9552800A08280 /* Release */,
			);
			defaultConfigurationIsVisible = 0;
			defaultConfigurationName = Release;
		};
		9C8FB2411CA9552800A08280 /* Build configuration list for PBXNativeTarget "touroxair" */ = {
			isa = XCConfigurationList;
			buildConfigurations = (
				9C8FB2421CA9552800A08280 /* Debug */,
				9C8FB2431CA9552800A08280 /* Release */,
			);
			defaultConfigurationIsVisible = 0;
			defaultConfigurationName = Release;
		};
/* End XCConfigurationList section */
	};
	rootObject = 9C8FB2271CA9552800A08280 /* Project object */;
}
